// !$*UTF8*$!
{
	archiveVersion = 1;
	classes = {
	};
	objectVersion = 51;
	objects = {

/* Begin PBXBuildFile section */
		3CC9EBE97446E9A3D045A296 /* Pods_Places.framework in Frameworks */ = {isa = PBXBuildFile; fileRef = CA79768EFCDF256C9A08C43A /* Pods_Places.framework */; };
		76B37B63DE1AC956D7EC266E /* Pods_PlacesTests.framework in Frameworks */ = {isa = PBXBuildFile; fileRef = E6370E17B4A2E428D4CD08EA /* Pods_PlacesTests.framework */; };
		9819371C246B6A79009DBE21 /* PlacesLocationAuthorizationHandler.swift in Sources */ = {isa = PBXBuildFile; fileRef = 9819371B246B6A79009DBE21 /* PlacesLocationAuthorizationHandler.swift */; };
		9819371E246B6D81009DBE21 /* Rx+Extension.swift in Sources */ = {isa = PBXBuildFile; fileRef = 9819371D246B6D81009DBE21 /* Rx+Extension.swift */; };
		98193721246C1A65009DBE21 /* Place.swift in Sources */ = {isa = PBXBuildFile; fileRef = 98193720246C1A65009DBE21 /* Place.swift */; };
		98193724246C362B009DBE21 /* PlaceCell.swift in Sources */ = {isa = PBXBuildFile; fileRef = 98193723246C362B009DBE21 /* PlaceCell.swift */; };
		981B51C1246AC3930092D9DD /* AppDelegate.swift in Sources */ = {isa = PBXBuildFile; fileRef = 981B51C0246AC3930092D9DD /* AppDelegate.swift */; };
		981B51C5246AC3930092D9DD /* PlacesViewController.swift in Sources */ = {isa = PBXBuildFile; fileRef = 981B51C4246AC3930092D9DD /* PlacesViewController.swift */; };
		981B51CA246AC3950092D9DD /* Assets.xcassets in Resources */ = {isa = PBXBuildFile; fileRef = 981B51C9246AC3950092D9DD /* Assets.xcassets */; };
		981B51CD246AC3950092D9DD /* LaunchScreen.storyboard in Resources */ = {isa = PBXBuildFile; fileRef = 981B51CB246AC3950092D9DD /* LaunchScreen.storyboard */; };
		981B51D8246AC3950092D9DD /* PlacesTests.swift in Sources */ = {isa = PBXBuildFile; fileRef = 981B51D7246AC3950092D9DD /* PlacesTests.swift */; };
		983D6D09246B4AF70089BE07 /* PlacesAlertFactory.swift in Sources */ = {isa = PBXBuildFile; fileRef = 983D6D08246B4AF70089BE07 /* PlacesAlertFactory.swift */; };
		985ECFF0246C3A2000C68861 /* UITableViewCell+Extension.swift in Sources */ = {isa = PBXBuildFile; fileRef = 985ECFEF246C3A2000C68861 /* UITableViewCell+Extension.swift */; };
		985ECFF2246C421300C68861 /* UIView+Extensions.swift in Sources */ = {isa = PBXBuildFile; fileRef = 985ECFF1246C421300C68861 /* UIView+Extensions.swift */; };
		985ECFF4246C44E900C68861 /* Colection+Extension.swift in Sources */ = {isa = PBXBuildFile; fileRef = 985ECFF3246C44E900C68861 /* Colection+Extension.swift */; };
		985ECFF7246C4CBC00C68861 /* PlaceCellViewModel.swift in Sources */ = {isa = PBXBuildFile; fileRef = 985ECFF6246C4CBC00C68861 /* PlaceCellViewModel.swift */; };
		9888DB6A246AD7C400CCAE62 /* PlacesViewModel.swift in Sources */ = {isa = PBXBuildFile; fileRef = 9888DB69246AD7C400CCAE62 /* PlacesViewModel.swift */; };
		9888DB6C246AD7D300CCAE62 /* PlacesCoordinator.swift in Sources */ = {isa = PBXBuildFile; fileRef = 9888DB6B246AD7D300CCAE62 /* PlacesCoordinator.swift */; };
		9888DB6E246AD83B00CCAE62 /* PlacesRespository.swift in Sources */ = {isa = PBXBuildFile; fileRef = 9888DB6D246AD83B00CCAE62 /* PlacesRespository.swift */; };
		9888DB70246ADB7B00CCAE62 /* PlacesInterfaces.swift in Sources */ = {isa = PBXBuildFile; fileRef = 9888DB6F246ADB7B00CCAE62 /* PlacesInterfaces.swift */; };
		9888DB74246ADC8700CCAE62 /* PlacesViewControllerFactory.swift in Sources */ = {isa = PBXBuildFile; fileRef = 9888DB73246ADC8700CCAE62 /* PlacesViewControllerFactory.swift */; };
		9888DB7B246AE0C800CCAE62 /* Miscelaneous.swift in Sources */ = {isa = PBXBuildFile; fileRef = 9888DB7A246AE0C800CCAE62 /* Miscelaneous.swift */; };
		98AFB2DF246D87B700D8C4CA /* CirceRounded-Bold.otf in Resources */ = {isa = PBXBuildFile; fileRef = 98AFB2DE246D87B700D8C4CA /* CirceRounded-Bold.otf */; };
		98AFB2E1246D87E000D8C4CA /* CirceRounded-SemiBold.otf in Resources */ = {isa = PBXBuildFile; fileRef = 98AFB2E0246D87E000D8C4CA /* CirceRounded-SemiBold.otf */; };
		98AFB2E3246D87FE00D8C4CA /* CirceRounded-Regular.otf in Resources */ = {isa = PBXBuildFile; fileRef = 98AFB2E2246D87FE00D8C4CA /* CirceRounded-Regular.otf */; };
		98AFB2E6246DE97900D8C4CA /* PlaceDetailsViewController.swift in Sources */ = {isa = PBXBuildFile; fileRef = 98AFB2E5246DE97900D8C4CA /* PlaceDetailsViewController.swift */; };
		98AFB2E9246DF67D00D8C4CA /* HeaderCell.swift in Sources */ = {isa = PBXBuildFile; fileRef = 98AFB2E8246DF67D00D8C4CA /* HeaderCell.swift */; };
		98AFB2EB246DF69000D8C4CA /* DetailsCell.swift in Sources */ = {isa = PBXBuildFile; fileRef = 98AFB2EA246DF69000D8C4CA /* DetailsCell.swift */; };
		98DCCCD7246C527D0063C049 /* Spacing.swift in Sources */ = {isa = PBXBuildFile; fileRef = 98DCCCD6246C527D0063C049 /* Spacing.swift */; };
		98DCCCD9246D33440063C049 /* MockAPI.bundle in Resources */ = {isa = PBXBuildFile; fileRef = 98DCCCD8246D33440063C049 /* MockAPI.bundle */; };
		98DCCCDC246D78020063C049 /* Colors.swift in Sources */ = {isa = PBXBuildFile; fileRef = 98DCCCDB246D78020063C049 /* Colors.swift */; };
		98DCCCDE246D780D0063C049 /* Fonts.swift in Sources */ = {isa = PBXBuildFile; fileRef = 98DCCCDD246D780D0063C049 /* Fonts.swift */; };
/* End PBXBuildFile section */

/* Begin PBXContainerItemProxy section */
		981B51D4246AC3950092D9DD /* PBXContainerItemProxy */ = {
			isa = PBXContainerItemProxy;
			containerPortal = 981B51B5246AC3930092D9DD /* Project object */;
			proxyType = 1;
			remoteGlobalIDString = 981B51BC246AC3930092D9DD;
			remoteInfo = Places;
		};
/* End PBXContainerItemProxy section */

/* Begin PBXFileReference section */
		5262E1BEAA2A40C0AF49043D /* Pods-Places.debug.xcconfig */ = {isa = PBXFileReference; includeInIndex = 1; lastKnownFileType = text.xcconfig; name = "Pods-Places.debug.xcconfig"; path = "Target Support Files/Pods-Places/Pods-Places.debug.xcconfig"; sourceTree = "<group>"; };
		741F7CCE0E2F19820935898C /* Pods-PlacesTests.debug.xcconfig */ = {isa = PBXFileReference; includeInIndex = 1; lastKnownFileType = text.xcconfig; name = "Pods-PlacesTests.debug.xcconfig"; path = "Target Support Files/Pods-PlacesTests/Pods-PlacesTests.debug.xcconfig"; sourceTree = "<group>"; };
		857F77603D44C03B03CC475C /* Pods-Places.release.xcconfig */ = {isa = PBXFileReference; includeInIndex = 1; lastKnownFileType = text.xcconfig; name = "Pods-Places.release.xcconfig"; path = "Target Support Files/Pods-Places/Pods-Places.release.xcconfig"; sourceTree = "<group>"; };
		9819371B246B6A79009DBE21 /* PlacesLocationAuthorizationHandler.swift */ = {isa = PBXFileReference; lastKnownFileType = sourcecode.swift; path = PlacesLocationAuthorizationHandler.swift; sourceTree = "<group>"; };
		9819371D246B6D81009DBE21 /* Rx+Extension.swift */ = {isa = PBXFileReference; lastKnownFileType = sourcecode.swift; path = "Rx+Extension.swift"; sourceTree = "<group>"; };
		98193720246C1A65009DBE21 /* Place.swift */ = {isa = PBXFileReference; lastKnownFileType = sourcecode.swift; path = Place.swift; sourceTree = "<group>"; };
		98193723246C362B009DBE21 /* PlaceCell.swift */ = {isa = PBXFileReference; lastKnownFileType = sourcecode.swift; path = PlaceCell.swift; sourceTree = "<group>"; };
		981B51BD246AC3930092D9DD /* Places.app */ = {isa = PBXFileReference; explicitFileType = wrapper.application; includeInIndex = 0; path = Places.app; sourceTree = BUILT_PRODUCTS_DIR; };
		981B51C0246AC3930092D9DD /* AppDelegate.swift */ = {isa = PBXFileReference; lastKnownFileType = sourcecode.swift; path = AppDelegate.swift; sourceTree = "<group>"; };
		981B51C4246AC3930092D9DD /* PlacesViewController.swift */ = {isa = PBXFileReference; lastKnownFileType = sourcecode.swift; path = PlacesViewController.swift; sourceTree = "<group>"; };
		981B51C9246AC3950092D9DD /* Assets.xcassets */ = {isa = PBXFileReference; lastKnownFileType = folder.assetcatalog; path = Assets.xcassets; sourceTree = "<group>"; };
		981B51CC246AC3950092D9DD /* Base */ = {isa = PBXFileReference; lastKnownFileType = file.storyboard; name = Base; path = Base.lproj/LaunchScreen.storyboard; sourceTree = "<group>"; };
		981B51CE246AC3950092D9DD /* Info.plist */ = {isa = PBXFileReference; lastKnownFileType = text.plist.xml; path = Info.plist; sourceTree = "<group>"; };
		981B51D3246AC3950092D9DD /* PlacesTests.xctest */ = {isa = PBXFileReference; explicitFileType = wrapper.cfbundle; includeInIndex = 0; path = PlacesTests.xctest; sourceTree = BUILT_PRODUCTS_DIR; };
		981B51D7246AC3950092D9DD /* PlacesTests.swift */ = {isa = PBXFileReference; lastKnownFileType = sourcecode.swift; path = PlacesTests.swift; sourceTree = "<group>"; };
		981B51D9246AC3950092D9DD /* Info.plist */ = {isa = PBXFileReference; lastKnownFileType = text.plist.xml; path = Info.plist; sourceTree = "<group>"; };
		983D6D08246B4AF70089BE07 /* PlacesAlertFactory.swift */ = {isa = PBXFileReference; lastKnownFileType = sourcecode.swift; path = PlacesAlertFactory.swift; sourceTree = "<group>"; };
		985ECFEF246C3A2000C68861 /* UITableViewCell+Extension.swift */ = {isa = PBXFileReference; lastKnownFileType = sourcecode.swift; path = "UITableViewCell+Extension.swift"; sourceTree = "<group>"; };
		985ECFF1246C421300C68861 /* UIView+Extensions.swift */ = {isa = PBXFileReference; lastKnownFileType = sourcecode.swift; path = "UIView+Extensions.swift"; sourceTree = "<group>"; };
		985ECFF3246C44E900C68861 /* Colection+Extension.swift */ = {isa = PBXFileReference; lastKnownFileType = sourcecode.swift; path = "Colection+Extension.swift"; sourceTree = "<group>"; };
		985ECFF6246C4CBC00C68861 /* PlaceCellViewModel.swift */ = {isa = PBXFileReference; lastKnownFileType = sourcecode.swift; path = PlaceCellViewModel.swift; sourceTree = "<group>"; };
		9888DB69246AD7C400CCAE62 /* PlacesViewModel.swift */ = {isa = PBXFileReference; lastKnownFileType = sourcecode.swift; path = PlacesViewModel.swift; sourceTree = "<group>"; };
		9888DB6B246AD7D300CCAE62 /* PlacesCoordinator.swift */ = {isa = PBXFileReference; lastKnownFileType = sourcecode.swift; path = PlacesCoordinator.swift; sourceTree = "<group>"; };
		9888DB6D246AD83B00CCAE62 /* PlacesRespository.swift */ = {isa = PBXFileReference; lastKnownFileType = sourcecode.swift; path = PlacesRespository.swift; sourceTree = "<group>"; };
		9888DB6F246ADB7B00CCAE62 /* PlacesInterfaces.swift */ = {isa = PBXFileReference; lastKnownFileType = sourcecode.swift; path = PlacesInterfaces.swift; sourceTree = "<group>"; };
		9888DB73246ADC8700CCAE62 /* PlacesViewControllerFactory.swift */ = {isa = PBXFileReference; lastKnownFileType = sourcecode.swift; path = PlacesViewControllerFactory.swift; sourceTree = "<group>"; };
		9888DB7A246AE0C800CCAE62 /* Miscelaneous.swift */ = {isa = PBXFileReference; lastKnownFileType = sourcecode.swift; path = Miscelaneous.swift; sourceTree = "<group>"; };
		98AFB2DE246D87B700D8C4CA /* CirceRounded-Bold.otf */ = {isa = PBXFileReference; lastKnownFileType = file; path = "CirceRounded-Bold.otf"; sourceTree = "<group>"; };
		98AFB2E0246D87E000D8C4CA /* CirceRounded-SemiBold.otf */ = {isa = PBXFileReference; lastKnownFileType = file; path = "CirceRounded-SemiBold.otf"; sourceTree = "<group>"; };
		98AFB2E2246D87FE00D8C4CA /* CirceRounded-Regular.otf */ = {isa = PBXFileReference; lastKnownFileType = file; path = "CirceRounded-Regular.otf"; sourceTree = "<group>"; };
		98AFB2E5246DE97900D8C4CA /* PlaceDetailsViewController.swift */ = {isa = PBXFileReference; lastKnownFileType = sourcecode.swift; path = PlaceDetailsViewController.swift; sourceTree = "<group>"; };
		98AFB2E8246DF67D00D8C4CA /* HeaderCell.swift */ = {isa = PBXFileReference; lastKnownFileType = sourcecode.swift; path = HeaderCell.swift; sourceTree = "<group>"; };
		98AFB2EA246DF69000D8C4CA /* DetailsCell.swift */ = {isa = PBXFileReference; lastKnownFileType = sourcecode.swift; path = DetailsCell.swift; sourceTree = "<group>"; };
		98DCCCD6246C527D0063C049 /* Spacing.swift */ = {isa = PBXFileReference; lastKnownFileType = sourcecode.swift; path = Spacing.swift; sourceTree = "<group>"; };
		98DCCCD8246D33440063C049 /* MockAPI.bundle */ = {isa = PBXFileReference; lastKnownFileType = "wrapper.plug-in"; path = MockAPI.bundle; sourceTree = "<group>"; };
		98DCCCDB246D78020063C049 /* Colors.swift */ = {isa = PBXFileReference; lastKnownFileType = sourcecode.swift; path = Colors.swift; sourceTree = "<group>"; };
		98DCCCDD246D780D0063C049 /* Fonts.swift */ = {isa = PBXFileReference; lastKnownFileType = sourcecode.swift; path = Fonts.swift; sourceTree = "<group>"; };
		98F92BFCD03F850C5D7C3CCF /* Pods-PlacesTests.release.xcconfig */ = {isa = PBXFileReference; includeInIndex = 1; lastKnownFileType = text.xcconfig; name = "Pods-PlacesTests.release.xcconfig"; path = "Target Support Files/Pods-PlacesTests/Pods-PlacesTests.release.xcconfig"; sourceTree = "<group>"; };
		CA79768EFCDF256C9A08C43A /* Pods_Places.framework */ = {isa = PBXFileReference; explicitFileType = wrapper.framework; includeInIndex = 0; path = Pods_Places.framework; sourceTree = BUILT_PRODUCTS_DIR; };
		E6370E17B4A2E428D4CD08EA /* Pods_PlacesTests.framework */ = {isa = PBXFileReference; explicitFileType = wrapper.framework; includeInIndex = 0; path = Pods_PlacesTests.framework; sourceTree = BUILT_PRODUCTS_DIR; };
/* End PBXFileReference section */

/* Begin PBXFrameworksBuildPhase section */
		981B51BA246AC3930092D9DD /* Frameworks */ = {
			isa = PBXFrameworksBuildPhase;
			buildActionMask = 2147483647;
			files = (
				3CC9EBE97446E9A3D045A296 /* Pods_Places.framework in Frameworks */,
			);
			runOnlyForDeploymentPostprocessing = 0;
		};
		981B51D0246AC3950092D9DD /* Frameworks */ = {
			isa = PBXFrameworksBuildPhase;
			buildActionMask = 2147483647;
			files = (
				76B37B63DE1AC956D7EC266E /* Pods_PlacesTests.framework in Frameworks */,
			);
			runOnlyForDeploymentPostprocessing = 0;
		};
/* End PBXFrameworksBuildPhase section */

/* Begin PBXGroup section */
		5EDF95DE2E4E837B83A261CB /* Frameworks */ = {
			isa = PBXGroup;
			children = (
				CA79768EFCDF256C9A08C43A /* Pods_Places.framework */,
				E6370E17B4A2E428D4CD08EA /* Pods_PlacesTests.framework */,
			);
			name = Frameworks;
			sourceTree = "<group>";
		};
		9819371F246C1A5D009DBE21 /* Models */ = {
			isa = PBXGroup;
			children = (
				98193720246C1A65009DBE21 /* Place.swift */,
			);
			path = Models;
			sourceTree = "<group>";
		};
		98193722246C26E1009DBE21 /* Cells */ = {
			isa = PBXGroup;
			children = (
				985ECFF5246C4CAC00C68861 /* Place */,
			);
			path = Cells;
			sourceTree = "<group>";
		};
		981B51B4246AC3930092D9DD = {
			isa = PBXGroup;
			children = (
				981B51BF246AC3930092D9DD /* Places */,
				981B51D6246AC3950092D9DD /* PlacesTests */,
				981B51BE246AC3930092D9DD /* Products */,
				F37FDA2A53803BCDEED44D76 /* Pods */,
				5EDF95DE2E4E837B83A261CB /* Frameworks */,
			);
			sourceTree = "<group>";
		};
		981B51BE246AC3930092D9DD /* Products */ = {
			isa = PBXGroup;
			children = (
				981B51BD246AC3930092D9DD /* Places.app */,
				981B51D3246AC3950092D9DD /* PlacesTests.xctest */,
			);
			name = Products;
			sourceTree = "<group>";
		};
		981B51BF246AC3930092D9DD /* Places */ = {
			isa = PBXGroup;
			children = (
				9888DB79246AE0C100CCAE62 /* Common */,
				988A46E9246AD50C004828D9 /* Resources */,
				9888DB78246AE09A00CCAE62 /* Extensions */,
				9888DB71246ADC6B00CCAE62 /* Factories */,
				988A46E8246AD504004828D9 /* Source */,
			);
			path = Places;
			sourceTree = "<group>";
		};
		981B51D6246AC3950092D9DD /* PlacesTests */ = {
			isa = PBXGroup;
			children = (
				981B51D7246AC3950092D9DD /* PlacesTests.swift */,
				981B51D9246AC3950092D9DD /* Info.plist */,
			);
			path = PlacesTests;
			sourceTree = "<group>";
		};
		983D6D0A246B4AFB0089BE07 /* Places */ = {
			isa = PBXGroup;
			children = (
				9888DB73246ADC8700CCAE62 /* PlacesViewControllerFactory.swift */,
				983D6D08246B4AF70089BE07 /* PlacesAlertFactory.swift */,
			);
			path = Places;
			sourceTree = "<group>";
		};
		985ECFF5246C4CAC00C68861 /* Place */ = {
			isa = PBXGroup;
			children = (
				98193723246C362B009DBE21 /* PlaceCell.swift */,
				985ECFF6246C4CBC00C68861 /* PlaceCellViewModel.swift */,
			);
			path = Place;
			sourceTree = "<group>";
		};
		9888DB71246ADC6B00CCAE62 /* Factories */ = {
			isa = PBXGroup;
			children = (
				983D6D0A246B4AFB0089BE07 /* Places */,
			);
			path = Factories;
			sourceTree = "<group>";
		};
		9888DB78246AE09A00CCAE62 /* Extensions */ = {
			isa = PBXGroup;
			children = (
				9819371D246B6D81009DBE21 /* Rx+Extension.swift */,
				985ECFEF246C3A2000C68861 /* UITableViewCell+Extension.swift */,
				985ECFF1246C421300C68861 /* UIView+Extensions.swift */,
				985ECFF3246C44E900C68861 /* Colection+Extension.swift */,
			);
			path = Extensions;
			sourceTree = "<group>";
		};
		9888DB79246AE0C100CCAE62 /* Common */ = {
			isa = PBXGroup;
			children = (
				9888DB7A246AE0C800CCAE62 /* Miscelaneous.swift */,
				98DCCCD6246C527D0063C049 /* Spacing.swift */,
				98DCCCDB246D78020063C049 /* Colors.swift */,
				98DCCCDD246D780D0063C049 /* Fonts.swift */,
			);
			path = Common;
			sourceTree = "<group>";
		};
		988A46E8246AD504004828D9 /* Source */ = {
			isa = PBXGroup;
			children = (
				981B51C0246AC3930092D9DD /* AppDelegate.swift */,
				988A46EA246AD51E004828D9 /* Places */,
				98AFB2E4246DE95500D8C4CA /* PlaceDetails */,
			);
			path = Source;
			sourceTree = "<group>";
		};
		988A46E9246AD50C004828D9 /* Resources */ = {
			isa = PBXGroup;
			children = (
				98DCCCDA246D77EE0063C049 /* Fonts */,
				981B51C9246AC3950092D9DD /* Assets.xcassets */,
				981B51CB246AC3950092D9DD /* LaunchScreen.storyboard */,
				981B51CE246AC3950092D9DD /* Info.plist */,
				98AFB2DE246D87B700D8C4CA /* CirceRounded-Bold.otf */,
				98AFB2E0246D87E000D8C4CA /* CirceRounded-SemiBold.otf */,
				98AFB2E2246D87FE00D8C4CA /* CirceRounded-Regular.otf */,
				98DCCCD8246D33440063C049 /* MockAPI.bundle */,
			);
			path = Resources;
			sourceTree = "<group>";
		};
		988A46EA246AD51E004828D9 /* Places */ = {
			isa = PBXGroup;
			children = (
				98193722246C26E1009DBE21 /* Cells */,
				9819371F246C1A5D009DBE21 /* Models */,
				9888DB6F246ADB7B00CCAE62 /* PlacesInterfaces.swift */,
				9819371B246B6A79009DBE21 /* PlacesLocationAuthorizationHandler.swift */,
				9888DB6B246AD7D300CCAE62 /* PlacesCoordinator.swift */,
				9888DB6D246AD83B00CCAE62 /* PlacesRespository.swift */,
				9888DB69246AD7C400CCAE62 /* PlacesViewModel.swift */,
				981B51C4246AC3930092D9DD /* PlacesViewController.swift */,
			);
			path = Places;
			sourceTree = "<group>";
		};
		98AFB2E4246DE95500D8C4CA /* PlaceDetails */ = {
			isa = PBXGroup;
			children = (
				98AFB2E7246DF66600D8C4CA /* Cells */,
				98AFB2E5246DE97900D8C4CA /* PlaceDetailsViewController.swift */,
			);
			path = PlaceDetails;
			sourceTree = "<group>";
		};
		98AFB2E7246DF66600D8C4CA /* Cells */ = {
			isa = PBXGroup;
			children = (
				98AFB2E8246DF67D00D8C4CA /* HeaderCell.swift */,
				98AFB2EA246DF69000D8C4CA /* DetailsCell.swift */,
			);
			path = Cells;
			sourceTree = "<group>";
		};
		98DCCCDA246D77EE0063C049 /* Fonts */ = {
			isa = PBXGroup;
			children = (
			);
			path = Fonts;
			sourceTree = "<group>";
		};
		F37FDA2A53803BCDEED44D76 /* Pods */ = {
			isa = PBXGroup;
			children = (
				5262E1BEAA2A40C0AF49043D /* Pods-Places.debug.xcconfig */,
				857F77603D44C03B03CC475C /* Pods-Places.release.xcconfig */,
				741F7CCE0E2F19820935898C /* Pods-PlacesTests.debug.xcconfig */,
				98F92BFCD03F850C5D7C3CCF /* Pods-PlacesTests.release.xcconfig */,
			);
			path = Pods;
			sourceTree = "<group>";
		};
/* End PBXGroup section */

/* Begin PBXNativeTarget section */
		981B51BC246AC3930092D9DD /* Places */ = {
			isa = PBXNativeTarget;
			buildConfigurationList = 981B51DC246AC3950092D9DD /* Build configuration list for PBXNativeTarget "Places" */;
			buildPhases = (
				F68B64171E326C1B716258F6 /* [CP] Check Pods Manifest.lock */,
				981B51B9246AC3930092D9DD /* Sources */,
				981B51BA246AC3930092D9DD /* Frameworks */,
				981B51BB246AC3930092D9DD /* Resources */,
				9835BC0151D584DF6F4D4DD0 /* [CP] Embed Pods Frameworks */,
			);
			buildRules = (
			);
			dependencies = (
			);
			name = Places;
			productName = Places;
			productReference = 981B51BD246AC3930092D9DD /* Places.app */;
			productType = "com.apple.product-type.application";
		};
		981B51D2246AC3950092D9DD /* PlacesTests */ = {
			isa = PBXNativeTarget;
			buildConfigurationList = 981B51DF246AC3950092D9DD /* Build configuration list for PBXNativeTarget "PlacesTests" */;
			buildPhases = (
				CC628F15FBB9773EE82BBF02 /* [CP] Check Pods Manifest.lock */,
				981B51CF246AC3950092D9DD /* Sources */,
				981B51D0246AC3950092D9DD /* Frameworks */,
				981B51D1246AC3950092D9DD /* Resources */,
			);
			buildRules = (
			);
			dependencies = (
				981B51D5246AC3950092D9DD /* PBXTargetDependency */,
			);
			name = PlacesTests;
			productName = PlacesTests;
			productReference = 981B51D3246AC3950092D9DD /* PlacesTests.xctest */;
			productType = "com.apple.product-type.bundle.unit-test";
		};
/* End PBXNativeTarget section */

/* Begin PBXProject section */
		981B51B5246AC3930092D9DD /* Project object */ = {
			isa = PBXProject;
			attributes = {
				LastSwiftUpdateCheck = 1130;
				LastUpgradeCheck = 1130;
				ORGANIZATIONNAME = Chama;
				TargetAttributes = {
					981B51BC246AC3930092D9DD = {
						CreatedOnToolsVersion = 11.3.1;
					};
					981B51D2246AC3950092D9DD = {
						CreatedOnToolsVersion = 11.3.1;
						TestTargetID = 981B51BC246AC3930092D9DD;
					};
				};
			};
			buildConfigurationList = 981B51B8246AC3930092D9DD /* Build configuration list for PBXProject "Places" */;
			compatibilityVersion = "Xcode 9.3";
			developmentRegion = en;
			hasScannedForEncodings = 0;
			knownRegions = (
				en,
				Base,
			);
			mainGroup = 981B51B4246AC3930092D9DD;
			productRefGroup = 981B51BE246AC3930092D9DD /* Products */;
			projectDirPath = "";
			projectRoot = "";
			targets = (
				981B51BC246AC3930092D9DD /* Places */,
				981B51D2246AC3950092D9DD /* PlacesTests */,
			);
		};
/* End PBXProject section */

/* Begin PBXResourcesBuildPhase section */
		981B51BB246AC3930092D9DD /* Resources */ = {
			isa = PBXResourcesBuildPhase;
			buildActionMask = 2147483647;
			files = (
				981B51CD246AC3950092D9DD /* LaunchScreen.storyboard in Resources */,
				98AFB2DF246D87B700D8C4CA /* CirceRounded-Bold.otf in Resources */,
				98AFB2E1246D87E000D8C4CA /* CirceRounded-SemiBold.otf in Resources */,
				98DCCCD9246D33440063C049 /* MockAPI.bundle in Resources */,
				981B51CA246AC3950092D9DD /* Assets.xcassets in Resources */,
				98AFB2E3246D87FE00D8C4CA /* CirceRounded-Regular.otf in Resources */,
			);
			runOnlyForDeploymentPostprocessing = 0;
		};
		981B51D1246AC3950092D9DD /* Resources */ = {
			isa = PBXResourcesBuildPhase;
			buildActionMask = 2147483647;
			files = (
			);
			runOnlyForDeploymentPostprocessing = 0;
		};
/* End PBXResourcesBuildPhase section */

/* Begin PBXShellScriptBuildPhase section */
		9835BC0151D584DF6F4D4DD0 /* [CP] Embed Pods Frameworks */ = {
			isa = PBXShellScriptBuildPhase;
			buildActionMask = 2147483647;
			files = (
			);
			inputFileListPaths = (
				"${PODS_ROOT}/Target Support Files/Pods-Places/Pods-Places-frameworks-${CONFIGURATION}-input-files.xcfilelist",
			);
			name = "[CP] Embed Pods Frameworks";
			outputFileListPaths = (
				"${PODS_ROOT}/Target Support Files/Pods-Places/Pods-Places-frameworks-${CONFIGURATION}-output-files.xcfilelist",
			);
			runOnlyForDeploymentPostprocessing = 0;
			shellPath = /bin/sh;
			shellScript = "\"${PODS_ROOT}/Target Support Files/Pods-Places/Pods-Places-frameworks.sh\"\n";
			showEnvVarsInLog = 0;
		};
		CC628F15FBB9773EE82BBF02 /* [CP] Check Pods Manifest.lock */ = {
			isa = PBXShellScriptBuildPhase;
			buildActionMask = 2147483647;
			files = (
			);
			inputFileListPaths = (
			);
			inputPaths = (
				"${PODS_PODFILE_DIR_PATH}/Podfile.lock",
				"${PODS_ROOT}/Manifest.lock",
			);
			name = "[CP] Check Pods Manifest.lock";
			outputFileListPaths = (
			);
			outputPaths = (
				"$(DERIVED_FILE_DIR)/Pods-PlacesTests-checkManifestLockResult.txt",
			);
			runOnlyForDeploymentPostprocessing = 0;
			shellPath = /bin/sh;
			shellScript = "diff \"${PODS_PODFILE_DIR_PATH}/Podfile.lock\" \"${PODS_ROOT}/Manifest.lock\" > /dev/null\nif [ $? != 0 ] ; then\n    # print error to STDERR\n    echo \"error: The sandbox is not in sync with the Podfile.lock. Run 'pod install' or update your CocoaPods installation.\" >&2\n    exit 1\nfi\n# This output is used by Xcode 'outputs' to avoid re-running this script phase.\necho \"SUCCESS\" > \"${SCRIPT_OUTPUT_FILE_0}\"\n";
			showEnvVarsInLog = 0;
		};
		F68B64171E326C1B716258F6 /* [CP] Check Pods Manifest.lock */ = {
			isa = PBXShellScriptBuildPhase;
			buildActionMask = 2147483647;
			files = (
			);
			inputFileListPaths = (
			);
			inputPaths = (
				"${PODS_PODFILE_DIR_PATH}/Podfile.lock",
				"${PODS_ROOT}/Manifest.lock",
			);
			name = "[CP] Check Pods Manifest.lock";
			outputFileListPaths = (
			);
			outputPaths = (
				"$(DERIVED_FILE_DIR)/Pods-Places-checkManifestLockResult.txt",
			);
			runOnlyForDeploymentPostprocessing = 0;
			shellPath = /bin/sh;
			shellScript = "diff \"${PODS_PODFILE_DIR_PATH}/Podfile.lock\" \"${PODS_ROOT}/Manifest.lock\" > /dev/null\nif [ $? != 0 ] ; then\n    # print error to STDERR\n    echo \"error: The sandbox is not in sync with the Podfile.lock. Run 'pod install' or update your CocoaPods installation.\" >&2\n    exit 1\nfi\n# This output is used by Xcode 'outputs' to avoid re-running this script phase.\necho \"SUCCESS\" > \"${SCRIPT_OUTPUT_FILE_0}\"\n";
			showEnvVarsInLog = 0;
		};
/* End PBXShellScriptBuildPhase section */

/* Begin PBXSourcesBuildPhase section */
		981B51B9246AC3930092D9DD /* Sources */ = {
			isa = PBXSourcesBuildPhase;
			buildActionMask = 2147483647;
			files = (
				98193724246C362B009DBE21 /* PlaceCell.swift in Sources */,
				9888DB74246ADC8700CCAE62 /* PlacesViewControllerFactory.swift in Sources */,
				9888DB6A246AD7C400CCAE62 /* PlacesViewModel.swift in Sources */,
				981B51C5246AC3930092D9DD /* PlacesViewController.swift in Sources */,
				98193721246C1A65009DBE21 /* Place.swift in Sources */,
				985ECFF7246C4CBC00C68861 /* PlaceCellViewModel.swift in Sources */,
				9819371C246B6A79009DBE21 /* PlacesLocationAuthorizationHandler.swift in Sources */,
				983D6D09246B4AF70089BE07 /* PlacesAlertFactory.swift in Sources */,
				985ECFF0246C3A2000C68861 /* UITableViewCell+Extension.swift in Sources */,
				98AFB2E6246DE97900D8C4CA /* PlaceDetailsViewController.swift in Sources */,
				9888DB7B246AE0C800CCAE62 /* Miscelaneous.swift in Sources */,
				9819371E246B6D81009DBE21 /* Rx+Extension.swift in Sources */,
				98DCCCD7246C527D0063C049 /* Spacing.swift in Sources */,
				98DCCCDC246D78020063C049 /* Colors.swift in Sources */,
				9888DB6C246AD7D300CCAE62 /* PlacesCoordinator.swift in Sources */,
				981B51C1246AC3930092D9DD /* AppDelegate.swift in Sources */,
				98AFB2E9246DF67D00D8C4CA /* HeaderCell.swift in Sources */,
				98AFB2EB246DF69000D8C4CA /* DetailsCell.swift in Sources */,
				985ECFF4246C44E900C68861 /* Colection+Extension.swift in Sources */,
				98DCCCDE246D780D0063C049 /* Fonts.swift in Sources */,
				985ECFF2246C421300C68861 /* UIView+Extensions.swift in Sources */,
				9888DB6E246AD83B00CCAE62 /* PlacesRespository.swift in Sources */,
				9888DB70246ADB7B00CCAE62 /* PlacesInterfaces.swift in Sources */,
			);
			runOnlyForDeploymentPostprocessing = 0;
		};
		981B51CF246AC3950092D9DD /* Sources */ = {
			isa = PBXSourcesBuildPhase;
			buildActionMask = 2147483647;
			files = (
				981B51D8246AC3950092D9DD /* PlacesTests.swift in Sources */,
			);
			runOnlyForDeploymentPostprocessing = 0;
		};
/* End PBXSourcesBuildPhase section */

/* Begin PBXTargetDependency section */
		981B51D5246AC3950092D9DD /* PBXTargetDependency */ = {
			isa = PBXTargetDependency;
			target = 981B51BC246AC3930092D9DD /* Places */;
			targetProxy = 981B51D4246AC3950092D9DD /* PBXContainerItemProxy */;
		};
/* End PBXTargetDependency section */

/* Begin PBXVariantGroup section */
		981B51CB246AC3950092D9DD /* LaunchScreen.storyboard */ = {
			isa = PBXVariantGroup;
			children = (
				981B51CC246AC3950092D9DD /* Base */,
			);
			name = LaunchScreen.storyboard;
			sourceTree = "<group>";
		};
/* End PBXVariantGroup section */

/* Begin XCBuildConfiguration section */
		981B51DA246AC3950092D9DD /* Debug */ = {
			isa = XCBuildConfiguration;
			buildSettings = {
				ALWAYS_SEARCH_USER_PATHS = NO;
				CLANG_ANALYZER_NONNULL = YES;
				CLANG_ANALYZER_NUMBER_OBJECT_CONVERSION = YES_AGGRESSIVE;
				CLANG_CXX_LANGUAGE_STANDARD = "gnu++14";
				CLANG_CXX_LIBRARY = "libc++";
				CLANG_ENABLE_MODULES = YES;
				CLANG_ENABLE_OBJC_ARC = YES;
				CLANG_ENABLE_OBJC_WEAK = YES;
				CLANG_WARN_BLOCK_CAPTURE_AUTORELEASING = YES;
				CLANG_WARN_BOOL_CONVERSION = YES;
				CLANG_WARN_COMMA = YES;
				CLANG_WARN_CONSTANT_CONVERSION = YES;
				CLANG_WARN_DEPRECATED_OBJC_IMPLEMENTATIONS = YES;
				CLANG_WARN_DIRECT_OBJC_ISA_USAGE = YES_ERROR;
				CLANG_WARN_DOCUMENTATION_COMMENTS = YES;
				CLANG_WARN_EMPTY_BODY = YES;
				CLANG_WARN_ENUM_CONVERSION = YES;
				CLANG_WARN_INFINITE_RECURSION = YES;
				CLANG_WARN_INT_CONVERSION = YES;
				CLANG_WARN_NON_LITERAL_NULL_CONVERSION = YES;
				CLANG_WARN_OBJC_IMPLICIT_RETAIN_SELF = YES;
				CLANG_WARN_OBJC_LITERAL_CONVERSION = YES;
				CLANG_WARN_OBJC_ROOT_CLASS = YES_ERROR;
				CLANG_WARN_RANGE_LOOP_ANALYSIS = YES;
				CLANG_WARN_STRICT_PROTOTYPES = YES;
				CLANG_WARN_SUSPICIOUS_MOVE = YES;
				CLANG_WARN_UNGUARDED_AVAILABILITY = YES_AGGRESSIVE;
				CLANG_WARN_UNREACHABLE_CODE = YES;
				CLANG_WARN__DUPLICATE_METHOD_MATCH = YES;
				COPY_PHASE_STRIP = NO;
				DEBUG_INFORMATION_FORMAT = dwarf;
				ENABLE_STRICT_OBJC_MSGSEND = YES;
				ENABLE_TESTABILITY = YES;
				GCC_C_LANGUAGE_STANDARD = gnu11;
				GCC_DYNAMIC_NO_PIC = NO;
				GCC_NO_COMMON_BLOCKS = YES;
				GCC_OPTIMIZATION_LEVEL = 0;
				GCC_PREPROCESSOR_DEFINITIONS = (
					"DEBUG=1",
					"$(inherited)",
				);
				GCC_WARN_64_TO_32_BIT_CONVERSION = YES;
				GCC_WARN_ABOUT_RETURN_TYPE = YES_ERROR;
				GCC_WARN_UNDECLARED_SELECTOR = YES;
				GCC_WARN_UNINITIALIZED_AUTOS = YES_AGGRESSIVE;
				GCC_WARN_UNUSED_FUNCTION = YES;
				GCC_WARN_UNUSED_VARIABLE = YES;
				IPHONEOS_DEPLOYMENT_TARGET = 13.2;
				MTL_ENABLE_DEBUG_INFO = INCLUDE_SOURCE;
				MTL_FAST_MATH = YES;
				ONLY_ACTIVE_ARCH = YES;
				SDKROOT = iphoneos;
				SWIFT_ACTIVE_COMPILATION_CONDITIONS = DEBUG;
				SWIFT_OPTIMIZATION_LEVEL = "-Onone";
			};
			name = Debug;
		};
		981B51DB246AC3950092D9DD /* Release */ = {
			isa = XCBuildConfiguration;
			buildSettings = {
				ALWAYS_SEARCH_USER_PATHS = NO;
				CLANG_ANALYZER_NONNULL = YES;
				CLANG_ANALYZER_NUMBER_OBJECT_CONVERSION = YES_AGGRESSIVE;
				CLANG_CXX_LANGUAGE_STANDARD = "gnu++14";
				CLANG_CXX_LIBRARY = "libc++";
				CLANG_ENABLE_MODULES = YES;
				CLANG_ENABLE_OBJC_ARC = YES;
				CLANG_ENABLE_OBJC_WEAK = YES;
				CLANG_WARN_BLOCK_CAPTURE_AUTORELEASING = YES;
				CLANG_WARN_BOOL_CONVERSION = YES;
				CLANG_WARN_COMMA = YES;
				CLANG_WARN_CONSTANT_CONVERSION = YES;
				CLANG_WARN_DEPRECATED_OBJC_IMPLEMENTATIONS = YES;
				CLANG_WARN_DIRECT_OBJC_ISA_USAGE = YES_ERROR;
				CLANG_WARN_DOCUMENTATION_COMMENTS = YES;
				CLANG_WARN_EMPTY_BODY = YES;
				CLANG_WARN_ENUM_CONVERSION = YES;
				CLANG_WARN_INFINITE_RECURSION = YES;
				CLANG_WARN_INT_CONVERSION = YES;
				CLANG_WARN_NON_LITERAL_NULL_CONVERSION = YES;
				CLANG_WARN_OBJC_IMPLICIT_RETAIN_SELF = YES;
				CLANG_WARN_OBJC_LITERAL_CONVERSION = YES;
				CLANG_WARN_OBJC_ROOT_CLASS = YES_ERROR;
				CLANG_WARN_RANGE_LOOP_ANALYSIS = YES;
				CLANG_WARN_STRICT_PROTOTYPES = YES;
				CLANG_WARN_SUSPICIOUS_MOVE = YES;
				CLANG_WARN_UNGUARDED_AVAILABILITY = YES_AGGRESSIVE;
				CLANG_WARN_UNREACHABLE_CODE = YES;
				CLANG_WARN__DUPLICATE_METHOD_MATCH = YES;
				COPY_PHASE_STRIP = NO;
				DEBUG_INFORMATION_FORMAT = "dwarf-with-dsym";
				ENABLE_NS_ASSERTIONS = NO;
				ENABLE_STRICT_OBJC_MSGSEND = YES;
				GCC_C_LANGUAGE_STANDARD = gnu11;
				GCC_NO_COMMON_BLOCKS = YES;
				GCC_WARN_64_TO_32_BIT_CONVERSION = YES;
				GCC_WARN_ABOUT_RETURN_TYPE = YES_ERROR;
				GCC_WARN_UNDECLARED_SELECTOR = YES;
				GCC_WARN_UNINITIALIZED_AUTOS = YES_AGGRESSIVE;
				GCC_WARN_UNUSED_FUNCTION = YES;
				GCC_WARN_UNUSED_VARIABLE = YES;
				IPHONEOS_DEPLOYMENT_TARGET = 13.2;
				MTL_ENABLE_DEBUG_INFO = NO;
				MTL_FAST_MATH = YES;
				SDKROOT = iphoneos;
				SWIFT_COMPILATION_MODE = wholemodule;
				SWIFT_OPTIMIZATION_LEVEL = "-O";
				VALIDATE_PRODUCT = YES;
			};
			name = Release;
		};
		981B51DD246AC3950092D9DD /* Debug */ = {
			isa = XCBuildConfiguration;
			baseConfigurationReference = 5262E1BEAA2A40C0AF49043D /* Pods-Places.debug.xcconfig */;
			buildSettings = {
				ASSETCATALOG_COMPILER_APPICON_NAME = AppIcon;
				CODE_SIGN_STYLE = Automatic;
				DEVELOPMENT_TEAM = Q93362T8X9;
				INFOPLIST_FILE = Places/Resources/Info.plist;
				IPHONEOS_DEPLOYMENT_TARGET = 11.0;
				LD_RUNPATH_SEARCH_PATHS = (
					"$(inherited)",
					"@executable_path/Frameworks",
				);
				PRODUCT_BUNDLE_IDENTIFIER = Chama.Places;
				PRODUCT_NAME = "$(TARGET_NAME)";
				SWIFT_VERSION = 5.0;
				TARGETED_DEVICE_FAMILY = 1;
			};
			name = Debug;
		};
		981B51DE246AC3950092D9DD /* Release */ = {
			isa = XCBuildConfiguration;
			baseConfigurationReference = 857F77603D44C03B03CC475C /* Pods-Places.release.xcconfig */;
			buildSettings = {
				ASSETCATALOG_COMPILER_APPICON_NAME = AppIcon;
				CODE_SIGN_STYLE = Automatic;
				DEVELOPMENT_TEAM = Q93362T8X9;
				INFOPLIST_FILE = Places/Resources/Info.plist;
				IPHONEOS_DEPLOYMENT_TARGET = 11.0;
				LD_RUNPATH_SEARCH_PATHS = (
					"$(inherited)",
					"@executable_path/Frameworks",
				);
				PRODUCT_BUNDLE_IDENTIFIER = Chama.Places;
				PRODUCT_NAME = "$(TARGET_NAME)";
				SWIFT_VERSION = 5.0;
				TARGETED_DEVICE_FAMILY = 1;
			};
			name = Release;
		};
		981B51E0246AC3950092D9DD /* Debug */ = {
			isa = XCBuildConfiguration;
			baseConfigurationReference = 741F7CCE0E2F19820935898C /* Pods-PlacesTests.debug.xcconfig */;
			buildSettings = {
				ALWAYS_EMBED_SWIFT_STANDARD_LIBRARIES = YES;
				BUNDLE_LOADER = "$(TEST_HOST)";
				CODE_SIGN_STYLE = Automatic;
				DEVELOPMENT_TEAM = Q93362T8X9;
				INFOPLIST_FILE = PlacesTests/Info.plist;
				IPHONEOS_DEPLOYMENT_TARGET = 13.2;
				LD_RUNPATH_SEARCH_PATHS = (
					"$(inherited)",
					"@executable_path/Frameworks",
					"@loader_path/Frameworks",
				);
				PRODUCT_BUNDLE_IDENTIFIER = Chama.PlacesTests;
				PRODUCT_NAME = "$(TARGET_NAME)";
				SWIFT_VERSION = 5.0;
				TARGETED_DEVICE_FAMILY = "1,2";
				TEST_HOST = "$(BUILT_PRODUCTS_DIR)/Places.app/Places";
			};
			name = Debug;
		};
		981B51E1246AC3950092D9DD /* Release */ = {
			isa = XCBuildConfiguration;
			baseConfigurationReference = 98F92BFCD03F850C5D7C3CCF /* Pods-PlacesTests.release.xcconfig */;
			buildSettings = {
				ALWAYS_EMBED_SWIFT_STANDARD_LIBRARIES = YES;
				BUNDLE_LOADER = "$(TEST_HOST)";
				CODE_SIGN_STYLE = Automatic;
				DEVELOPMENT_TEAM = Q93362T8X9;
				INFOPLIST_FILE = PlacesTests/Info.plist;
				IPHONEOS_DEPLOYMENT_TARGET = 13.2;
				LD_RUNPATH_SEARCH_PATHS = (
					"$(inherited)",
					"@executable_path/Frameworks",
					"@loader_path/Frameworks",
				);
				PRODUCT_BUNDLE_IDENTIFIER = Chama.PlacesTests;
				PRODUCT_NAME = "$(TARGET_NAME)";
				SWIFT_VERSION = 5.0;
				TARGETED_DEVICE_FAMILY = "1,2";
				TEST_HOST = "$(BUILT_PRODUCTS_DIR)/Places.app/Places";
			};
			name = Release;
		};
/* End XCBuildConfiguration section */

/* Begin XCConfigurationList section */
		981B51B8246AC3930092D9DD /* Build configuration list for PBXProject "Places" */ = {
			isa = XCConfigurationList;
			buildConfigurations = (
				981B51DA246AC3950092D9DD /* Debug */,
				981B51DB246AC3950092D9DD /* Release */,
			);
			defaultConfigurationIsVisible = 0;
			defaultConfigurationName = Release;
		};
		981B51DC246AC3950092D9DD /* Build configuration list for PBXNativeTarget "Places" */ = {
			isa = XCConfigurationList;
			buildConfigurations = (
				981B51DD246AC3950092D9DD /* Debug */,
				981B51DE246AC3950092D9DD /* Release */,
			);
			defaultConfigurationIsVisible = 0;
			defaultConfigurationName = Release;
		};
		981B51DF246AC3950092D9DD /* Build configuration list for PBXNativeTarget "PlacesTests" */ = {
			isa = XCConfigurationList;
			buildConfigurations = (
				981B51E0246AC3950092D9DD /* Debug */,
				981B51E1246AC3950092D9DD /* Release */,
			);
			defaultConfigurationIsVisible = 0;
			defaultConfigurationName = Release;
		};
/* End XCConfigurationList section */
	};
	rootObject = 981B51B5246AC3930092D9DD /* Project object */;
}
